
Microsoft Visual Studio Solution File, Format Version 12.00
# Visual Studio 2012
Project("{FAE04EC0-301F-11D3-BF4B-00C04F79EFBC}") = "BlitzChat", "BlitzChat\BlitzChat.csproj", "{49F78256-82FB-4D59-B0D5-9DD689FD25A1}"
	ProjectSection(ProjectDependencies) = postProject
		{03888C01-FDB2-468C-BA4D-97569E2C50E0} = {03888C01-FDB2-468C-BA4D-97569E2C50E0}
		{41D9B56F-C8F1-400B-96CC-8BE73D2AE8E8} = {41D9B56F-C8F1-400B-96CC-8BE73D2AE8E8}
		{144B0B75-CA29-4221-A8E8-AF4E14F40AFD} = {144B0B75-CA29-4221-A8E8-AF4E14F40AFD}
		{544CDF90-72BB-4349-A9F1-B050BA712F7D} = {544CDF90-72BB-4349-A9F1-B050BA712F7D}
		{EB4BD1CE-3669-4897-B719-D6094C3E54D4} = {EB4BD1CE-3669-4897-B719-D6094C3E54D4}
		{11C5CDDC-7C05-4B62-92E7-8C233888B6DD} = {11C5CDDC-7C05-4B62-92E7-8C233888B6DD}
	EndProjectSection
EndProject
Project("{FAE04EC0-301F-11D3-BF4B-00C04F79EFBC}") = "bliGoodgame", "bliGoodgame\bliGoodgame.csproj", "{144B0B75-CA29-4221-A8E8-AF4E14F40AFD}"
	ProjectSection(ProjectDependencies) = postProject
		{41D9B56F-C8F1-400B-96CC-8BE73D2AE8E8} = {41D9B56F-C8F1-400B-96CC-8BE73D2AE8E8}
	EndProjectSection
EndProject
Project("{FAE04EC0-301F-11D3-BF4B-00C04F79EFBC}") = "bliWebClient", "bliWebClient\bliWebClient.csproj", "{41D9B56F-C8F1-400B-96CC-8BE73D2AE8E8}"
EndProject
Project("{FAE04EC0-301F-11D3-BF4B-00C04F79EFBC}") = "bliTwitch", "bliTwitch\bliTwitch.csproj", "{544CDF90-72BB-4349-A9F1-B050BA712F7D}"
	ProjectSection(ProjectDependencies) = postProject
		{41D9B56F-C8F1-400B-96CC-8BE73D2AE8E8} = {41D9B56F-C8F1-400B-96CC-8BE73D2AE8E8}
	EndProjectSection
EndProject
Project("{FAE04EC0-301F-11D3-BF4B-00C04F79EFBC}") = "bliSC2TV", "bliSC2TV\bliSC2TV.csproj", "{11C5CDDC-7C05-4B62-92E7-8C233888B6DD}"
	ProjectSection(ProjectDependencies) = postProject
		{41D9B56F-C8F1-400B-96CC-8BE73D2AE8E8} = {41D9B56F-C8F1-400B-96CC-8BE73D2AE8E8}
	EndProjectSection
EndProject
Project("{FAE04EC0-301F-11D3-BF4B-00C04F79EFBC}") = "bliCybergame", "bliCybergame\bliCybergame.csproj", "{EB4BD1CE-3669-4897-B719-D6094C3E54D4}"
	ProjectSection(ProjectDependencies) = postProject
		{41D9B56F-C8F1-400B-96CC-8BE73D2AE8E8} = {41D9B56F-C8F1-400B-96CC-8BE73D2AE8E8}
	EndProjectSection
EndProject
Project("{FAE04EC0-301F-11D3-BF4B-00C04F79EFBC}") = "bliGamersTV", "bliGamersTV\bliGamersTV.csproj", "{03888C01-FDB2-468C-BA4D-97569E2C50E0}"
	ProjectSection(ProjectDependencies) = postProject
		{41D9B56F-C8F1-400B-96CC-8BE73D2AE8E8} = {41D9B56F-C8F1-400B-96CC-8BE73D2AE8E8}
	EndProjectSection
EndProject
Global
	GlobalSection(SolutionConfigurationPlatforms) = preSolution
		Debug|Any CPU = Debug|Any CPU
		Release|Any CPU = Release|Any CPU
	EndGlobalSection
	GlobalSection(ProjectConfigurationPlatforms) = postSolution
		{49F78256-82FB-4D59-B0D5-9DD689FD25A1}.Debug|Any CPU.ActiveCfg = Debug|Any CPU
		{49F78256-82FB-4D59-B0D5-9DD689FD25A1}.Debug|Any CPU.Build.0 = Debug|Any CPU
		{49F78256-82FB-4D59-B0D5-9DD689FD25A1}.Release|Any CPU.ActiveCfg = Release|Any CPU
		{49F78256-82FB-4D59-B0D5-9DD689FD25A1}.Release|Any CPU.Build.0 = Release|Any CPU
		{144B0B75-CA29-4221-A8E8-AF4E14F40AFD}.Debug|Any CPU.ActiveCfg = Debug|Any CPU
		{144B0B75-CA29-4221-A8E8-AF4E14F40AFD}.Debug|Any CPU.Build.0 = Debug|Any CPU
		{144B0B75-CA29-4221-A8E8-AF4E14F40AFD}.Release|Any CPU.ActiveCfg = Release|Any CPU
		{144B0B75-CA29-4221-A8E8-AF4E14F40AFD}.Release|Any CPU.Build.0 = Release|Any CPU
		{41D9B56F-C8F1-400B-96CC-8BE73D2AE8E8}.Debug|Any CPU.ActiveCfg = Debug|Any CPU
		{41D9B56F-C8F1-400B-96CC-8BE73D2AE8E8}.Debug|Any CPU.Build.0 = Debug|Any CPU
		{41D9B56F-C8F1-400B-96CC-8BE73D2AE8E8}.Release|Any CPU.ActiveCfg = Release|Any CPU
		{41D9B56F-C8F1-400B-96CC-8BE73D2AE8E8}.Release|Any CPU.Build.0 = Release|Any CPU
		{544CDF90-72BB-4349-A9F1-B050BA712F7D}.Debug|Any CPU.ActiveCfg = Debug|Any CPU
		{544CDF90-72BB-4349-A9F1-B050BA712F7D}.Debug|Any CPU.Build.0 = Debug|Any CPU
		{544CDF90-72BB-4349-A9F1-B050BA712F7D}.Release|Any CPU.ActiveCfg = Release|Any CPU
		{544CDF90-72BB-4349-A9F1-B050BA712F7D}.Release|Any CPU.Build.0 = Release|Any CPU
		{11C5CDDC-7C05-4B62-92E7-8C233888B6DD}.Debug|Any CPU.ActiveCfg = Debug|Any CPU
		{11C5CDDC-7C05-4B62-92E7-8C233888B6DD}.Debug|Any CPU.Build.0 = Debug|Any CPU
		{11C5CDDC-7C05-4B62-92E7-8C233888B6DD}.Release|Any CPU.ActiveCfg = Release|Any CPU
		{11C5CDDC-7C05-4B62-92E7-8C233888B6DD}.Release|Any CPU.Build.0 = Release|Any CPU
		{EB4BD1CE-3669-4897-B719-D6094C3E54D4}.Debug|Any CPU.ActiveCfg = Debug|Any CPU
		{EB4BD1CE-3669-4897-B719-D6094C3E54D4}.Debug|Any CPU.Build.0 = Debug|Any CPU
		{EB4BD1CE-3669-4897-B719-D6094C3E54D4}.Release|Any CPU.ActiveCfg = Release|Any CPU
		{EB4BD1CE-3669-4897-B719-D6094C3E54D4}.Release|Any CPU.Build.0 = Release|Any CPU
		{03888C01-FDB2-468C-BA4D-97569E2C50E0}.Debug|Any CPU.ActiveCfg = Debug|Any CPU
		{03888C01-FDB2-468C-BA4D-97569E2C50E0}.Debug|Any CPU.Build.0 = Debug|Any CPU
		{03888C01-FDB2-468C-BA4D-97569E2C50E0}.Release|Any CPU.ActiveCfg = Release|Any CPU
		{03888C01-FDB2-468C-BA4D-97569E2C50E0}.Release|Any CPU.Build.0 = Release|Any CPU
	EndGlobalSection
	GlobalSection(SolutionProperties) = preSolution
		HideSolutionNode = FALSE
	EndGlobalSection
	GlobalSection(ExtensibilityGlobals) = postSolution
		BuildVersion_UseGlobalSettings = False
		BuildVersion_UpdateFileVersion = False
		BuildVersion_UpdateAssemblyVersion = False
		BuildVersion_BuildVersioningStyle = None.None.None.None
		BuildVersion_AssemblyInfoFilename = 
	EndGlobalSection
EndGlobal
